{
  "name": "noven-simple-mp-mvvm",
  "version": "1.0.0",
  "lockfileVersion": 1,
  "requires": true,
  "dependencies": {
    "noven-mp-mvvm": {
      "version": "1.2.5",
      "resolved": "https://registry.npmjs.org/noven-mp-mvvm/-/noven-mp-mvvm-1.2.5.tgz",
      "integrity": "sha512-x0vVNyolvcilgrzosvJ7TWlLmcnrte8I8HVcJdSxYqNzTuqo3udy6j+DMUwea3R+6WQzrnb0h/kVV7I0nnHnKw=="
    }
  }
}
